
Microsoft Visual Studio Solution File, Format Version 12.00
# Visual Studio Version 17
VisualStudioVersion = 17.0.31903.59
MinimumVisualStudioVersion = 10.0.40219.1
Project("{FAE04EC0-301F-11D3-BF4B-00C04F79EFBC}") = "SecureCore.Auth.Abstractions", "src\SecureCore.Auth.Abstractions\SecureCore.Auth.Abstractions.csproj", "{A1B2C3D4-1111-1111-1111-111111111111}"
EndProject
Project("{FAE04EC0-301F-11D3-BF4B-00C04F79EFBC}") = "SecureCore.Auth.Core", "src\SecureCore.Auth.Core\SecureCore.Auth.Core.csproj", "{A1B2C3D4-2222-2222-2222-222222222222}"
EndProject
Project("{FAE04EC0-301F-11D3-BF4B-00C04F79EFBC}") = "SecureCore.Auth.WebAuthn", "src\SecureCore.Auth.WebAuthn\SecureCore.Auth.WebAuthn.csproj", "{A1B2C3D4-3333-3333-3333-333333333333}"
EndProject
Project("{FAE04EC0-301F-11D3-BF4B-00C04F79EFBC}") = "SecureCore.Auth.AspNetCore", "src\SecureCore.Auth.AspNetCore\SecureCore.Auth.AspNetCore.csproj", "{A1B2C3D4-4444-4444-4444-444444444444}"
EndProject
Project("{FAE04EC0-301F-11D3-BF4B-00C04F79EFBC}") = "SecureCore.Auth.Core.Tests", "tests\SecureCore.Auth.Core.Tests\SecureCore.Auth.Core.Tests.csproj", "{B1B2C3D4-1111-1111-1111-111111111111}"
EndProject
Project("{FAE04EC0-301F-11D3-BF4B-00C04F79EFBC}") = "SecureCore.Auth.WebAuthn.Tests", "tests\SecureCore.Auth.WebAuthn.Tests\SecureCore.Auth.WebAuthn.Tests.csproj", "{B1B2C3D4-2222-2222-2222-222222222222}"
EndProject
Project("{FAE04EC0-301F-11D3-BF4B-00C04F79EFBC}") = "SecureCore.Auth.AspNetCore.Tests", "tests\SecureCore.Auth.AspNetCore.Tests\SecureCore.Auth.AspNetCore.Tests.csproj", "{B1B2C3D4-3333-3333-3333-333333333333}"
EndProject
Project("{FAE04EC0-301F-11D3-BF4B-00C04F79EFBC}") = "SampleApi", "samples\SampleApi\SampleApi.csproj", "{C1B2C3D4-1111-1111-1111-111111111111}"
EndProject
Project("{2150E333-8FDC-42A3-9474-1A3956D46DE8}") = "src", "src", "{D1000000-0000-0000-0000-000000000001}"
EndProject
Project("{2150E333-8FDC-42A3-9474-1A3956D46DE8}") = "tests", "tests", "{D1000000-0000-0000-0000-000000000002}"
EndProject
Project("{2150E333-8FDC-42A3-9474-1A3956D46DE8}") = "samples", "samples", "{D1000000-0000-0000-0000-000000000003}"
EndProject
Project("{FAE04EC0-301F-11D3-BF4B-00C04F79EFBC}") = "SecureCore.Auth", "src\SecureCore.Auth\SecureCore.Auth.csproj", "{1DFFAF96-7242-4E78-B87A-68F33B0EAF00}"
EndProject
Project("{FAE04EC0-301F-11D3-BF4B-00C04F79EFBC}") = "SecureCore.Auth.OAuth", "src\SecureCore.Auth.OAuth\SecureCore.Auth.OAuth.csproj", "{B6F3E193-ED1E-49F0-880D-B1F597B8C27A}"
EndProject
Project("{FAE04EC0-301F-11D3-BF4B-00C04F79EFBC}") = "SecureCore.Auth.OAuth.Google", "src\SecureCore.Auth.OAuth.Google\SecureCore.Auth.OAuth.Google.csproj", "{16ECFF34-F7C6-4AE9-BBED-0B68B166A8A9}"
EndProject
Project("{FAE04EC0-301F-11D3-BF4B-00C04F79EFBC}") = "SecureCore.Auth.OAuth.GitHub", "src\SecureCore.Auth.OAuth.GitHub\SecureCore.Auth.OAuth.GitHub.csproj", "{806C4ED7-12F7-40C8-A1FF-685F79E7C267}"
EndProject
Project("{FAE04EC0-301F-11D3-BF4B-00C04F79EFBC}") = "SecureCore.Auth.OAuth.Microsoft", "src\SecureCore.Auth.OAuth.Microsoft\SecureCore.Auth.OAuth.Microsoft.csproj", "{58318DA5-8034-49DA-9353-1A622883CA09}"
EndProject
Project("{FAE04EC0-301F-11D3-BF4B-00C04F79EFBC}") = "SecureCore.Auth.OAuth.Facebook", "src\SecureCore.Auth.OAuth.Facebook\SecureCore.Auth.OAuth.Facebook.csproj", "{00862988-1758-4B79-96A9-500DFB4C7092}"
EndProject
Project("{FAE04EC0-301F-11D3-BF4B-00C04F79EFBC}") = "SecureCore.Auth.OAuth.LinkedIn", "src\SecureCore.Auth.OAuth.LinkedIn\SecureCore.Auth.OAuth.LinkedIn.csproj", "{9B5DF717-DA2C-47F4-AE5D-A3ED8299D006}"
EndProject
Project("{FAE04EC0-301F-11D3-BF4B-00C04F79EFBC}") = "SecureCore.Auth.OAuth.TikTok", "src\SecureCore.Auth.OAuth.TikTok\SecureCore.Auth.OAuth.TikTok.csproj", "{3BA171F1-84F9-443D-B37D-CF10E3D37B25}"
EndProject
Global
	GlobalSection(SolutionConfigurationPlatforms) = preSolution
		Debug|Any CPU = Debug|Any CPU
		Debug|x64 = Debug|x64
		Debug|x86 = Debug|x86
		Release|Any CPU = Release|Any CPU
		Release|x64 = Release|x64
		Release|x86 = Release|x86
	EndGlobalSection
	GlobalSection(ProjectConfigurationPlatforms) = postSolution
		{A1B2C3D4-1111-1111-1111-111111111111}.Debug|Any CPU.ActiveCfg = Debug|Any CPU
		{A1B2C3D4-1111-1111-1111-111111111111}.Debug|Any CPU.Build.0 = Debug|Any CPU
		{A1B2C3D4-1111-1111-1111-111111111111}.Debug|x64.ActiveCfg = Debug|Any CPU
		{A1B2C3D4-1111-1111-1111-111111111111}.Debug|x64.Build.0 = Debug|Any CPU
		{A1B2C3D4-1111-1111-1111-111111111111}.Debug|x86.ActiveCfg = Debug|Any CPU
		{A1B2C3D4-1111-1111-1111-111111111111}.Debug|x86.Build.0 = Debug|Any CPU
		{A1B2C3D4-1111-1111-1111-111111111111}.Release|Any CPU.ActiveCfg = Release|Any CPU
		{A1B2C3D4-1111-1111-1111-111111111111}.Release|Any CPU.Build.0 = Release|Any CPU
		{A1B2C3D4-1111-1111-1111-111111111111}.Release|x64.ActiveCfg = Release|Any CPU
		{A1B2C3D4-1111-1111-1111-111111111111}.Release|x64.Build.0 = Release|Any CPU
		{A1B2C3D4-1111-1111-1111-111111111111}.Release|x86.ActiveCfg = Release|Any CPU
		{A1B2C3D4-1111-1111-1111-111111111111}.Release|x86.Build.0 = Release|Any CPU
		{A1B2C3D4-2222-2222-2222-222222222222}.Debug|Any CPU.ActiveCfg = Debug|Any CPU
		{A1B2C3D4-2222-2222-2222-222222222222}.Debug|Any CPU.Build.0 = Debug|Any CPU
		{A1B2C3D4-2222-2222-2222-222222222222}.Debug|x64.ActiveCfg = Debug|Any CPU
		{A1B2C3D4-2222-2222-2222-222222222222}.Debug|x64.Build.0 = Debug|Any CPU
		{A1B2C3D4-2222-2222-2222-222222222222}.Debug|x86.ActiveCfg = Debug|Any CPU
		{A1B2C3D4-2222-2222-2222-222222222222}.Debug|x86.Build.0 = Debug|Any CPU
		{A1B2C3D4-2222-2222-2222-222222222222}.Release|Any CPU.ActiveCfg = Release|Any CPU
		{A1B2C3D4-2222-2222-2222-222222222222}.Release|Any CPU.Build.0 = Release|Any CPU
		{A1B2C3D4-2222-2222-2222-222222222222}.Release|x64.ActiveCfg = Release|Any CPU
		{A1B2C3D4-2222-2222-2222-222222222222}.Release|x64.Build.0 = Release|Any CPU
		{A1B2C3D4-2222-2222-2222-222222222222}.Release|x86.ActiveCfg = Release|Any CPU
		{A1B2C3D4-2222-2222-2222-222222222222}.Release|x86.Build.0 = Release|Any CPU
		{A1B2C3D4-3333-3333-3333-333333333333}.Debug|Any CPU.ActiveCfg = Debug|Any CPU
		{A1B2C3D4-3333-3333-3333-333333333333}.Debug|Any CPU.Build.0 = Debug|Any CPU
		{A1B2C3D4-3333-3333-3333-333333333333}.Debug|x64.ActiveCfg = Debug|Any CPU
		{A1B2C3D4-3333-3333-3333-333333333333}.Debug|x64.Build.0 = Debug|Any CPU
		{A1B2C3D4-3333-3333-3333-333333333333}.Debug|x86.ActiveCfg = Debug|Any CPU
		{A1B2C3D4-3333-3333-3333-333333333333}.Debug|x86.Build.0 = Debug|Any CPU
		{A1B2C3D4-3333-3333-3333-333333333333}.Release|Any CPU.ActiveCfg = Release|Any CPU
		{A1B2C3D4-3333-3333-3333-333333333333}.Release|Any CPU.Build.0 = Release|Any CPU
		{A1B2C3D4-3333-3333-3333-333333333333}.Release|x64.ActiveCfg = Release|Any CPU
		{A1B2C3D4-3333-3333-3333-333333333333}.Release|x64.Build.0 = Release|Any CPU
		{A1B2C3D4-3333-3333-3333-333333333333}.Release|x86.ActiveCfg = Release|Any CPU
		{A1B2C3D4-3333-3333-3333-333333333333}.Release|x86.Build.0 = Release|Any CPU
		{A1B2C3D4-4444-4444-4444-444444444444}.Debug|Any CPU.ActiveCfg = Debug|Any CPU
		{A1B2C3D4-4444-4444-4444-444444444444}.Debug|Any CPU.Build.0 = Debug|Any CPU
		{A1B2C3D4-4444-4444-4444-444444444444}.Debug|x64.ActiveCfg = Debug|Any CPU
		{A1B2C3D4-4444-4444-4444-444444444444}.Debug|x64.Build.0 = Debug|Any CPU
		{A1B2C3D4-4444-4444-4444-444444444444}.Debug|x86.ActiveCfg = Debug|Any CPU
		{A1B2C3D4-4444-4444-4444-444444444444}.Debug|x86.Build.0 = Debug|Any CPU
		{A1B2C3D4-4444-4444-4444-444444444444}.Release|Any CPU.ActiveCfg = Release|Any CPU
		{A1B2C3D4-4444-4444-4444-444444444444}.Release|Any CPU.Build.0 = Release|Any CPU
		{A1B2C3D4-4444-4444-4444-444444444444}.Release|x64.ActiveCfg = Release|Any CPU
		{A1B2C3D4-4444-4444-4444-444444444444}.Release|x64.Build.0 = Release|Any CPU
		{A1B2C3D4-4444-4444-4444-444444444444}.Release|x86.ActiveCfg = Release|Any CPU
		{A1B2C3D4-4444-4444-4444-444444444444}.Release|x86.Build.0 = Release|Any CPU
		{B1B2C3D4-1111-1111-1111-111111111111}.Debug|Any CPU.ActiveCfg = Debug|Any CPU
		{B1B2C3D4-1111-1111-1111-111111111111}.Debug|Any CPU.Build.0 = Debug|Any CPU
		{B1B2C3D4-1111-1111-1111-111111111111}.Debug|x64.ActiveCfg = Debug|Any CPU
		{B1B2C3D4-1111-1111-1111-111111111111}.Debug|x64.Build.0 = Debug|Any CPU
		{B1B2C3D4-1111-1111-1111-111111111111}.Debug|x86.ActiveCfg = Debug|Any CPU
		{B1B2C3D4-1111-1111-1111-111111111111}.Debug|x86.Build.0 = Debug|Any CPU
		{B1B2C3D4-1111-1111-1111-111111111111}.Release|Any CPU.ActiveCfg = Release|Any CPU
		{B1B2C3D4-1111-1111-1111-111111111111}.Release|Any CPU.Build.0 = Release|Any CPU
		{B1B2C3D4-1111-1111-1111-111111111111}.Release|x64.ActiveCfg = Release|Any CPU
		{B1B2C3D4-1111-1111-1111-111111111111}.Release|x64.Build.0 = Release|Any CPU
		{B1B2C3D4-1111-1111-1111-111111111111}.Release|x86.ActiveCfg = Release|Any CPU
		{B1B2C3D4-1111-1111-1111-111111111111}.Release|x86.Build.0 = Release|Any CPU
		{B1B2C3D4-2222-2222-2222-222222222222}.Debug|Any CPU.ActiveCfg = Debug|Any CPU
		{B1B2C3D4-2222-2222-2222-222222222222}.Debug|Any CPU.Build.0 = Debug|Any CPU
		{B1B2C3D4-2222-2222-2222-222222222222}.Debug|x64.ActiveCfg = Debug|Any CPU
		{B1B2C3D4-2222-2222-2222-222222222222}.Debug|x64.Build.0 = Debug|Any CPU
		{B1B2C3D4-2222-2222-2222-222222222222}.Debug|x86.ActiveCfg = Debug|Any CPU
		{B1B2C3D4-2222-2222-2222-222222222222}.Debug|x86.Build.0 = Debug|Any CPU
		{B1B2C3D4-2222-2222-2222-222222222222}.Release|Any CPU.ActiveCfg = Release|Any CPU
		{B1B2C3D4-2222-2222-2222-222222222222}.Release|Any CPU.Build.0 = Release|Any CPU
		{B1B2C3D4-2222-2222-2222-222222222222}.Release|x64.ActiveCfg = Release|Any CPU
		{B1B2C3D4-2222-2222-2222-222222222222}.Release|x64.Build.0 = Release|Any CPU
		{B1B2C3D4-2222-2222-2222-222222222222}.Release|x86.ActiveCfg = Release|Any CPU
		{B1B2C3D4-2222-2222-2222-222222222222}.Release|x86.Build.0 = Release|Any CPU
		{B1B2C3D4-3333-3333-3333-333333333333}.Debug|Any CPU.ActiveCfg = Debug|Any CPU
		{B1B2C3D4-3333-3333-3333-333333333333}.Debug|Any CPU.Build.0 = Debug|Any CPU
		{B1B2C3D4-3333-3333-3333-333333333333}.Debug|x64.ActiveCfg = Debug|Any CPU
		{B1B2C3D4-3333-3333-3333-333333333333}.Debug|x64.Build.0 = Debug|Any CPU
		{B1B2C3D4-3333-3333-3333-333333333333}.Debug|x86.ActiveCfg = Debug|Any CPU
		{B1B2C3D4-3333-3333-3333-333333333333}.Debug|x86.Build.0 = Debug|Any CPU
		{B1B2C3D4-3333-3333-3333-333333333333}.Release|Any CPU.ActiveCfg = Release|Any CPU
		{B1B2C3D4-3333-3333-3333-333333333333}.Release|Any CPU.Build.0 = Release|Any CPU
		{B1B2C3D4-3333-3333-3333-333333333333}.Release|x64.ActiveCfg = Release|Any CPU
		{B1B2C3D4-3333-3333-3333-333333333333}.Release|x64.Build.0 = Release|Any CPU
		{B1B2C3D4-3333-3333-3333-333333333333}.Release|x86.ActiveCfg = Release|Any CPU
		{B1B2C3D4-3333-3333-3333-333333333333}.Release|x86.Build.0 = Release|Any CPU
		{C1B2C3D4-1111-1111-1111-111111111111}.Debug|Any CPU.ActiveCfg = Debug|Any CPU
		{C1B2C3D4-1111-1111-1111-111111111111}.Debug|Any CPU.Build.0 = Debug|Any CPU
		{C1B2C3D4-1111-1111-1111-111111111111}.Debug|x64.ActiveCfg = Debug|Any CPU
		{C1B2C3D4-1111-1111-1111-111111111111}.Debug|x64.Build.0 = Debug|Any CPU
		{C1B2C3D4-1111-1111-1111-111111111111}.Debug|x86.ActiveCfg = Debug|Any CPU
		{C1B2C3D4-1111-1111-1111-111111111111}.Debug|x86.Build.0 = Debug|Any CPU
		{C1B2C3D4-1111-1111-1111-111111111111}.Release|Any CPU.ActiveCfg = Release|Any CPU
		{C1B2C3D4-1111-1111-1111-111111111111}.Release|Any CPU.Build.0 = Release|Any CPU
		{C1B2C3D4-1111-1111-1111-111111111111}.Release|x64.ActiveCfg = Release|Any CPU
		{C1B2C3D4-1111-1111-1111-111111111111}.Release|x64.Build.0 = Release|Any CPU
		{C1B2C3D4-1111-1111-1111-111111111111}.Release|x86.ActiveCfg = Release|Any CPU
		{C1B2C3D4-1111-1111-1111-111111111111}.Release|x86.Build.0 = Release|Any CPU
		{1DFFAF96-7242-4E78-B87A-68F33B0EAF00}.Debug|Any CPU.ActiveCfg = Debug|Any CPU
		{1DFFAF96-7242-4E78-B87A-68F33B0EAF00}.Debug|Any CPU.Build.0 = Debug|Any CPU
		{1DFFAF96-7242-4E78-B87A-68F33B0EAF00}.Debug|x64.ActiveCfg = Debug|Any CPU
		{1DFFAF96-7242-4E78-B87A-68F33B0EAF00}.Debug|x64.Build.0 = Debug|Any CPU
		{1DFFAF96-7242-4E78-B87A-68F33B0EAF00}.Debug|x86.ActiveCfg = Debug|Any CPU
		{1DFFAF96-7242-4E78-B87A-68F33B0EAF00}.Debug|x86.Build.0 = Debug|Any CPU
		{1DFFAF96-7242-4E78-B87A-68F33B0EAF00}.Release|Any CPU.ActiveCfg = Release|Any CPU
		{1DFFAF96-7242-4E78-B87A-68F33B0EAF00}.Release|Any CPU.Build.0 = Release|Any CPU
		{1DFFAF96-7242-4E78-B87A-68F33B0EAF00}.Release|x64.ActiveCfg = Release|Any CPU
		{1DFFAF96-7242-4E78-B87A-68F33B0EAF00}.Release|x64.Build.0 = Release|Any CPU
		{1DFFAF96-7242-4E78-B87A-68F33B0EAF00}.Release|x86.ActiveCfg = Release|Any CPU
		{1DFFAF96-7242-4E78-B87A-68F33B0EAF00}.Release|x86.Build.0 = Release|Any CPU
		{B6F3E193-ED1E-49F0-880D-B1F597B8C27A}.Debug|Any CPU.ActiveCfg = Debug|Any CPU
		{B6F3E193-ED1E-49F0-880D-B1F597B8C27A}.Debug|Any CPU.Build.0 = Debug|Any CPU
		{B6F3E193-ED1E-49F0-880D-B1F597B8C27A}.Debug|x64.ActiveCfg = Debug|Any CPU
		{B6F3E193-ED1E-49F0-880D-B1F597B8C27A}.Debug|x64.Build.0 = Debug|Any CPU
		{B6F3E193-ED1E-49F0-880D-B1F597B8C27A}.Debug|x86.ActiveCfg = Debug|Any CPU
		{B6F3E193-ED1E-49F0-880D-B1F597B8C27A}.Debug|x86.Build.0 = Debug|Any CPU
		{B6F3E193-ED1E-49F0-880D-B1F597B8C27A}.Release|Any CPU.ActiveCfg = Release|Any CPU
		{B6F3E193-ED1E-49F0-880D-B1F597B8C27A}.Release|Any CPU.Build.0 = Release|Any CPU
		{B6F3E193-ED1E-49F0-880D-B1F597B8C27A}.Release|x64.ActiveCfg = Release|Any CPU
		{B6F3E193-ED1E-49F0-880D-B1F597B8C27A}.Release|x64.Build.0 = Release|Any CPU
		{B6F3E193-ED1E-49F0-880D-B1F597B8C27A}.Release|x86.ActiveCfg = Release|Any CPU
		{B6F3E193-ED1E-49F0-880D-B1F597B8C27A}.Release|x86.Build.0 = Release|Any CPU
		{16ECFF34-F7C6-4AE9-BBED-0B68B166A8A9}.Debug|Any CPU.ActiveCfg = Debug|Any CPU
		{16ECFF34-F7C6-4AE9-BBED-0B68B166A8A9}.Debug|Any CPU.Build.0 = Debug|Any CPU
		{16ECFF34-F7C6-4AE9-BBED-0B68B166A8A9}.Debug|x64.ActiveCfg = Debug|Any CPU
		{16ECFF34-F7C6-4AE9-BBED-0B68B166A8A9}.Debug|x64.Build.0 = Debug|Any CPU
		{16ECFF34-F7C6-4AE9-BBED-0B68B166A8A9}.Debug|x86.ActiveCfg = Debug|Any CPU
		{16ECFF34-F7C6-4AE9-BBED-0B68B166A8A9}.Debug|x86.Build.0 = Debug|Any CPU
		{16ECFF34-F7C6-4AE9-BBED-0B68B166A8A9}.Release|Any CPU.ActiveCfg = Release|Any CPU
		{16ECFF34-F7C6-4AE9-BBED-0B68B166A8A9}.Release|Any CPU.Build.0 = Release|Any CPU
		{16ECFF34-F7C6-4AE9-BBED-0B68B166A8A9}.Release|x64.ActiveCfg = Release|Any CPU
		{16ECFF34-F7C6-4AE9-BBED-0B68B166A8A9}.Release|x64.Build.0 = Release|Any CPU
		{16ECFF34-F7C6-4AE9-BBED-0B68B166A8A9}.Release|x86.ActiveCfg = Release|Any CPU
		{16ECFF34-F7C6-4AE9-BBED-0B68B166A8A9}.Release|x86.Build.0 = Release|Any CPU
		{806C4ED7-12F7-40C8-A1FF-685F79E7C267}.Debug|Any CPU.ActiveCfg = Debug|Any CPU
		{806C4ED7-12F7-40C8-A1FF-685F79E7C267}.Debug|Any CPU.Build.0 = Debug|Any CPU
		{806C4ED7-12F7-40C8-A1FF-685F79E7C267}.Debug|x64.ActiveCfg = Debug|Any CPU
		{806C4ED7-12F7-40C8-A1FF-685F79E7C267}.Debug|x64.Build.0 = Debug|Any CPU
		{806C4ED7-12F7-40C8-A1FF-685F79E7C267}.Debug|x86.ActiveCfg = Debug|Any CPU
		{806C4ED7-12F7-40C8-A1FF-685F79E7C267}.Debug|x86.Build.0 = Debug|Any CPU
		{806C4ED7-12F7-40C8-A1FF-685F79E7C267}.Release|Any CPU.ActiveCfg = Release|Any CPU
		{806C4ED7-12F7-40C8-A1FF-685F79E7C267}.Release|Any CPU.Build.0 = Release|Any CPU
		{806C4ED7-12F7-40C8-A1FF-685F79E7C267}.Release|x64.ActiveCfg = Release|Any CPU
		{806C4ED7-12F7-40C8-A1FF-685F79E7C267}.Release|x64.Build.0 = Release|Any CPU
		{806C4ED7-12F7-40C8-A1FF-685F79E7C267}.Release|x86.ActiveCfg = Release|Any CPU
		{806C4ED7-12F7-40C8-A1FF-685F79E7C267}.Release|x86.Build.0 = Release|Any CPU
		{58318DA5-8034-49DA-9353-1A622883CA09}.Debug|Any CPU.ActiveCfg = Debug|Any CPU
		{58318DA5-8034-49DA-9353-1A622883CA09}.Debug|Any CPU.Build.0 = Debug|Any CPU
		{58318DA5-8034-49DA-9353-1A622883CA09}.Debug|x64.ActiveCfg = Debug|Any CPU
		{58318DA5-8034-49DA-9353-1A622883CA09}.Debug|x64.Build.0 = Debug|Any CPU
		{58318DA5-8034-49DA-9353-1A622883CA09}.Debug|x86.ActiveCfg = Debug|Any CPU
		{58318DA5-8034-49DA-9353-1A622883CA09}.Debug|x86.Build.0 = Debug|Any CPU
		{58318DA5-8034-49DA-9353-1A622883CA09}.Release|Any CPU.ActiveCfg = Release|Any CPU
		{58318DA5-8034-49DA-9353-1A622883CA09}.Release|Any CPU.Build.0 = Release|Any CPU
		{58318DA5-8034-49DA-9353-1A622883CA09}.Release|x64.ActiveCfg = Release|Any CPU
		{58318DA5-8034-49DA-9353-1A622883CA09}.Release|x64.Build.0 = Release|Any CPU
		{58318DA5-8034-49DA-9353-1A622883CA09}.Release|x86.ActiveCfg = Release|Any CPU
		{58318DA5-8034-49DA-9353-1A622883CA09}.Release|x86.Build.0 = Release|Any CPU
		{00862988-1758-4B79-96A9-500DFB4C7092}.Debug|Any CPU.ActiveCfg = Debug|Any CPU
		{00862988-1758-4B79-96A9-500DFB4C7092}.Debug|Any CPU.Build.0 = Debug|Any CPU
		{00862988-1758-4B79-96A9-500DFB4C7092}.Debug|x64.ActiveCfg = Debug|Any CPU
		{00862988-1758-4B79-96A9-500DFB4C7092}.Debug|x64.Build.0 = Debug|Any CPU
		{00862988-1758-4B79-96A9-500DFB4C7092}.Debug|x86.ActiveCfg = Debug|Any CPU
		{00862988-1758-4B79-96A9-500DFB4C7092}.Debug|x86.Build.0 = Debug|Any CPU
		{00862988-1758-4B79-96A9-500DFB4C7092}.Release|Any CPU.ActiveCfg = Release|Any CPU
		{00862988-1758-4B79-96A9-500DFB4C7092}.Release|Any CPU.Build.0 = Release|Any CPU
		{00862988-1758-4B79-96A9-500DFB4C7092}.Release|x64.ActiveCfg = Release|Any CPU
		{00862988-1758-4B79-96A9-500DFB4C7092}.Release|x64.Build.0 = Release|Any CPU
		{00862988-1758-4B79-96A9-500DFB4C7092}.Release|x86.ActiveCfg = Release|Any CPU
		{00862988-1758-4B79-96A9-500DFB4C7092}.Release|x86.Build.0 = Release|Any CPU
		{9B5DF717-DA2C-47F4-AE5D-A3ED8299D006}.Debug|Any CPU.ActiveCfg = Debug|Any CPU
		{9B5DF717-DA2C-47F4-AE5D-A3ED8299D006}.Debug|Any CPU.Build.0 = Debug|Any CPU
		{9B5DF717-DA2C-47F4-AE5D-A3ED8299D006}.Debug|x64.ActiveCfg = Debug|Any CPU
		{9B5DF717-DA2C-47F4-AE5D-A3ED8299D006}.Debug|x64.Build.0 = Debug|Any CPU
		{9B5DF717-DA2C-47F4-AE5D-A3ED8299D006}.Debug|x86.ActiveCfg = Debug|Any CPU
		{9B5DF717-DA2C-47F4-AE5D-A3ED8299D006}.Debug|x86.Build.0 = Debug|Any CPU
		{9B5DF717-DA2C-47F4-AE5D-A3ED8299D006}.Release|Any CPU.ActiveCfg = Release|Any CPU
		{9B5DF717-DA2C-47F4-AE5D-A3ED8299D006}.Release|Any CPU.Build.0 = Release|Any CPU
		{9B5DF717-DA2C-47F4-AE5D-A3ED8299D006}.Release|x64.ActiveCfg = Release|Any CPU
		{9B5DF717-DA2C-47F4-AE5D-A3ED8299D006}.Release|x64.Build.0 = Release|Any CPU
		{9B5DF717-DA2C-47F4-AE5D-A3ED8299D006}.Release|x86.ActiveCfg = Release|Any CPU
		{9B5DF717-DA2C-47F4-AE5D-A3ED8299D006}.Release|x86.Build.0 = Release|Any CPU
		{3BA171F1-84F9-443D-B37D-CF10E3D37B25}.Debug|Any CPU.ActiveCfg = Debug|Any CPU
		{3BA171F1-84F9-443D-B37D-CF10E3D37B25}.Debug|Any CPU.Build.0 = Debug|Any CPU
		{3BA171F1-84F9-443D-B37D-CF10E3D37B25}.Debug|x64.ActiveCfg = Debug|Any CPU
		{3BA171F1-84F9-443D-B37D-CF10E3D37B25}.Debug|x64.Build.0 = Debug|Any CPU
		{3BA171F1-84F9-443D-B37D-CF10E3D37B25}.Debug|x86.ActiveCfg = Debug|Any CPU
		{3BA171F1-84F9-443D-B37D-CF10E3D37B25}.Debug|x86.Build.0 = Debug|Any CPU
		{3BA171F1-84F9-443D-B37D-CF10E3D37B25}.Release|Any CPU.ActiveCfg = Release|Any CPU
		{3BA171F1-84F9-443D-B37D-CF10E3D37B25}.Release|Any CPU.Build.0 = Release|Any CPU
		{3BA171F1-84F9-443D-B37D-CF10E3D37B25}.Release|x64.ActiveCfg = Release|Any CPU
		{3BA171F1-84F9-443D-B37D-CF10E3D37B25}.Release|x64.Build.0 = Release|Any CPU
		{3BA171F1-84F9-443D-B37D-CF10E3D37B25}.Release|x86.ActiveCfg = Release|Any CPU
		{3BA171F1-84F9-443D-B37D-CF10E3D37B25}.Release|x86.Build.0 = Release|Any CPU
	EndGlobalSection
	GlobalSection(SolutionProperties) = preSolution
		HideSolutionNode = FALSE
	EndGlobalSection
	GlobalSection(NestedProjects) = preSolution
		{A1B2C3D4-1111-1111-1111-111111111111} = {D1000000-0000-0000-0000-000000000001}
		{A1B2C3D4-2222-2222-2222-222222222222} = {D1000000-0000-0000-0000-000000000001}
		{A1B2C3D4-3333-3333-3333-333333333333} = {D1000000-0000-0000-0000-000000000001}
		{A1B2C3D4-4444-4444-4444-444444444444} = {D1000000-0000-0000-0000-000000000001}
		{B1B2C3D4-1111-1111-1111-111111111111} = {D1000000-0000-0000-0000-000000000002}
		{B1B2C3D4-2222-2222-2222-222222222222} = {D1000000-0000-0000-0000-000000000002}
		{B1B2C3D4-3333-3333-3333-333333333333} = {D1000000-0000-0000-0000-000000000002}
		{C1B2C3D4-1111-1111-1111-111111111111} = {D1000000-0000-0000-0000-000000000003}
		{1DFFAF96-7242-4E78-B87A-68F33B0EAF00} = {D1000000-0000-0000-0000-000000000001}
		{B6F3E193-ED1E-49F0-880D-B1F597B8C27A} = {D1000000-0000-0000-0000-000000000001}
		{16ECFF34-F7C6-4AE9-BBED-0B68B166A8A9} = {D1000000-0000-0000-0000-000000000001}
		{806C4ED7-12F7-40C8-A1FF-685F79E7C267} = {D1000000-0000-0000-0000-000000000001}
		{58318DA5-8034-49DA-9353-1A622883CA09} = {D1000000-0000-0000-0000-000000000001}
		{00862988-1758-4B79-96A9-500DFB4C7092} = {D1000000-0000-0000-0000-000000000001}
		{9B5DF717-DA2C-47F4-AE5D-A3ED8299D006} = {D1000000-0000-0000-0000-000000000001}
		{3BA171F1-84F9-443D-B37D-CF10E3D37B25} = {D1000000-0000-0000-0000-000000000001}
	EndGlobalSection
EndGlobal
